
Microsoft Visual Studio Solution File, Format Version 12.00
# Visual Studio Version 17
VisualStudioVersion = 17.2.32616.157
MinimumVisualStudioVersion = 10.0.40219.1
Project("{FAE04EC0-301F-11D3-BF4B-00C04F79EFBC}") = "AntiSabotage", "AntiSabotage\AntiSabotage.csproj", "{6DD648D6-58FE-4DFB-BB71-DC0C2A9C17C9}"
EndProject
Global
	GlobalSection(SolutionConfigurationPlatforms) = preSolution
		Debug|Any CPU = Debug|Any CPU
		Release|Any CPU = Release|Any CPU
	EndGlobalSection
	GlobalSection(ProjectConfigurationPlatforms) = postSolution
		{6DD648D6-58FE-4DFB-BB71-DC0C2A9C17C9}.Debug|Any CPU.ActiveCfg = Debug|Any CPU
		{6DD648D6-58FE-4DFB-BB71-DC0C2A9C17C9}.Debug|Any CPU.Build.0 = Debug|Any CPU
		{6DD648D6-58FE-4DFB-BB71-DC0C2A9C17C9}.Release|Any CPU.ActiveCfg = Release|Any CPU
		{6DD648D6-58FE-4DFB-BB71-DC0C2A9C17C9}.Release|Any CPU.Build.0 = Release|Any CPU
	EndGlobalSection
	GlobalSection(SolutionProperties) = preSolution
		HideSolutionNode = FALSE
	EndGlobalSection
	GlobalSection(ExtensibilityGlobals) = postSolution
		SolutionGuid = {2FFFC24A-E128-47A5-A35D-A813C54A9B9C}
	EndGlobalSection
EndGlobal
